
Microsoft Visual Studio Solution File, Format Version 12.00
# Visual Studio Version 16
VisualStudioVersion = 16.0.31702.278
MinimumVisualStudioVersion = 10.0.40219.1
Project("{FAE04EC0-301F-11D3-BF4B-00C04F79EFBC}") = "projet1", "projet1\projet1.csproj", "{BA168BB2-DAAD-4A31-B9C6-CAC602C4EA67}"
EndProject
Global
	GlobalSection(SolutionConfigurationPlatforms) = preSolution
		Debug|Any CPU = Debug|Any CPU
		Release|Any CPU = Release|Any CPU
	EndGlobalSection
	GlobalSection(ProjectConfigurationPlatforms) = postSolution
		{BA168BB2-DAAD-4A31-B9C6-CAC602C4EA67}.Debug|Any CPU.ActiveCfg = Debug|Any CPU
		{BA168BB2-DAAD-4A31-B9C6-CAC602C4EA67}.Debug|Any CPU.Build.0 = Debug|Any CPU
		{BA168BB2-DAAD-4A31-B9C6-CAC602C4EA67}.Release|Any CPU.ActiveCfg = Release|Any CPU
		{BA168BB2-DAAD-4A31-B9C6-CAC602C4EA67}.Release|Any CPU.Build.0 = Release|Any CPU
	EndGlobalSection
	GlobalSection(SolutionProperties) = preSolution
		HideSolutionNode = FALSE
	EndGlobalSection
	GlobalSection(ExtensibilityGlobals) = postSolution
		SolutionGuid = {605B45D4-16FC-4B11-8A99-EFE4D27ECEBC}
	EndGlobalSection
EndGlobal
